<?xml version="1.0" encoding="utf-8"?>
<Project ToolsVersion="4.0" xmlns="http://schemas.microsoft.com/developer/msbuild/2003">
  <ItemGroup>
    <Filter Include="Source Files">
      <UniqueIdentifier>{4FC737F1-C7A5-4376-A066-2A32D752A2FF}</UniqueIdentifier>
      <Extensions>cpp;c;cc;cxx;def;odl;idl;hpj;bat;asm;asmx</Extensions>
    </Filter>
    <Filter Include="Header Files">
      <UniqueIdentifier>{93995380-89BD-4b04-88EB-625FBE52EBFB}</UniqueIdentifier>
      <Extensions>h;hh;hpp;hxx;hm;inl;inc;xsd</Extensions>
    </Filter>
    <Filter Include="Resource Files">
      <UniqueIdentifier>{67DA6AB6-F800-4c08-8B7A-83BB121AAD01}</UniqueIdentifier>
      <Extensions>rc;ico;cur;bmp;dlg;rc2;rct;bin;rgs;gif;jpg;jpeg;jpe;resx;tiff;tif;png;wav;mfcribbon-ms</Extensions>
    </Filter>
  </ItemGroup>
  <ItemGroup>
    <ClCompile Include="..\Airokurtz.cpp">
      <Filter>Source Files</Filter>
    </ClCompile>
    <ClCompile Include="..\Armageddon.cpp">
      <Filter>Source Files</Filter>
    </ClCompile>
    <ClCompile Include="..\Blast.cpp">
      <Filter>Source Files</Filter>
    </ClCompile>
    <ClCompile Include="..\Blaster.cpp">
      <Filter>Source Files</Filter>
    </ClCompile>
    <ClCompile Include="..\Blood.cpp">
      <Filter>Source Files</Filter>
    </ClCompile>
    <ClCompile Include="..\Bomb.cpp">
      <Filter>Source Files</Filter>
    </ClCompile>
    <ClCompile Include="..\Box.cpp">
      <Filter>Source Files</Filter>
    </ClCompile>
    <ClCompile Include="..\Canoner.cpp">
      <Filter>Source Files</Filter>
    </ClCompile>
    <ClCompile Include="..\CarlGustaf.cpp">
      <Filter>Source Files</Filter>
    </ClCompile>
    <ClCompile Include="..\CExp.cpp">
      <Filter>Source Files</Filter>
    </ClCompile>
    <ClCompile Include="..\ChokladZingo.cpp">
      <Filter>Source Files</Filter>
    </ClCompile>
    <ClCompile Include="..\common.cpp">
      <Filter>Source Files</Filter>
    </ClCompile>
    <ClCompile Include="..\ControlClass.cpp">
      <Filter>Source Files</Filter>
    </ClCompile>
    <ClCompile Include="..\Disk.cpp">
      <Filter>Source Files</Filter>
    </ClCompile>
    <ClCompile Include="..\Eagle.cpp">
      <Filter>Source Files</Filter>
    </ClCompile>
    <ClCompile Include="..\EldFunkar.cpp">
      <Filter>Source Files</Filter>
    </ClCompile>
    <ClCompile Include="..\EldFunkarProj.cpp">
      <Filter>Source Files</Filter>
    </ClCompile>
    <ClCompile Include="..\Exp.cpp">
      <Filter>Source Files</Filter>
    </ClCompile>
    <ClCompile Include="..\Fire.cpp">
      <Filter>Source Files</Filter>
    </ClCompile>
    <ClCompile Include="..\FireBomb.cpp">
      <Filter>Source Files</Filter>
    </ClCompile>
    <ClCompile Include="..\Flashbang.cpp">
      <Filter>Source Files</Filter>
    </ClCompile>
    <ClCompile Include="..\FloatingText.cpp">
      <Filter>Source Files</Filter>
    </ClCompile>
    <ClCompile Include="..\FloppyDisk.cpp">
      <Filter>Source Files</Filter>
    </ClCompile>
    <ClCompile Include="..\GasEel.cpp">
      <Filter>Source Files</Filter>
    </ClCompile>
    <ClCompile Include="..\GaussGun.cpp">
      <Filter>Source Files</Filter>
    </ClCompile>
    <ClCompile Include="..\Grenade.cpp">
      <Filter>Source Files</Filter>
    </ClCompile>
    <ClCompile Include="..\Guy.cpp">
      <Filter>Source Files</Filter>
    </ClCompile>
    <ClCompile Include="..\Hao.cpp">
      <Filter>Source Files</Filter>
    </ClCompile>
    <ClCompile Include="..\Haubits.cpp">
      <Filter>Source Files</Filter>
    </ClCompile>
    <ClCompile Include="..\HExp.cpp">
      <Filter>Source Files</Filter>
    </ClCompile>
    <ClCompile Include="..\IBomb.cpp">
      <Filter>Source Files</Filter>
    </ClCompile>
    <ClCompile Include="..\ImageFunctions.cpp">
      <Filter>Source Files</Filter>
    </ClCompile>
    <ClCompile Include="..\Jolt.cpp">
      <Filter>Source Files</Filter>
    </ClCompile>
    <ClCompile Include="..\Klachnikow.cpp">
      <Filter>Source Files</Filter>
    </ClCompile>
    <ClCompile Include="..\M6ton.cpp">
      <Filter>Source Files</Filter>
    </ClCompile>
    <ClCompile Include="..\M7ton.cpp">
      <Filter>Source Files</Filter>
    </ClCompile>
    <ClCompile Include="..\Meteor.cpp">
      <Filter>Source Files</Filter>
    </ClCompile>
    <ClCompile Include="..\Miligun.cpp">
      <Filter>Source Files</Filter>
    </ClCompile>
    <ClCompile Include="..\MiniShot.cpp">
      <Filter>Source Files</Filter>
    </ClCompile>
    <ClCompile Include="..\Minuteman.cpp">
      <Filter>Source Files</Filter>
    </ClCompile>
    <ClCompile Include="..\Missile.cpp">
      <Filter>Source Files</Filter>
    </ClCompile>
    <ClCompile Include="..\Musquash.cpp">
      <Filter>Source Files</Filter>
    </ClCompile>
    <ClCompile Include="..\NoMaintenanceRemake.cpp">
      <Filter>Source Files</Filter>
    </ClCompile>
    <ClCompile Include="..\NukeGrenade.cpp">
      <Filter>Source Files</Filter>
    </ClCompile>
    <ClCompile Include="..\NukeMissile.cpp">
      <Filter>Source Files</Filter>
    </ClCompile>
    <ClCompile Include="..\Nurb.cpp">
      <Filter>Source Files</Filter>
    </ClCompile>
    <ClCompile Include="..\Object.cpp">
      <Filter>Source Files</Filter>
    </ClCompile>
    <ClCompile Include="..\Phykoser.cpp">
      <Filter>Source Files</Filter>
    </ClCompile>
    <ClCompile Include="..\Plasma.cpp">
      <Filter>Source Files</Filter>
    </ClCompile>
    <ClCompile Include="..\Player.cpp">
      <Filter>Source Files</Filter>
    </ClCompile>
    <ClCompile Include="..\Reference.cpp">
      <Filter>Source Files</Filter>
    </ClCompile>
    <ClCompile Include="..\Screen.cpp">
      <Filter>Source Files</Filter>
    </ClCompile>
    <ClCompile Include="..\Smoke.cpp">
      <Filter>Source Files</Filter>
    </ClCompile>
    <ClCompile Include="..\SmokeSpark.cpp">
      <Filter>Source Files</Filter>
    </ClCompile>
    <ClCompile Include="..\SolidLine.cpp">
      <Filter>Source Files</Filter>
    </ClCompile>
    <ClCompile Include="..\SoundFunctions.cpp">
      <Filter>Source Files</Filter>
    </ClCompile>
    <ClCompile Include="..\Spark.cpp">
      <Filter>Source Files</Filter>
    </ClCompile>
    <ClCompile Include="..\SpastOLW.cpp">
      <Filter>Source Files</Filter>
    </ClCompile>
    <ClCompile Include="..\Tropelet.cpp">
      <Filter>Source Files</Filter>
    </ClCompile>
    <ClCompile Include="..\Weapon.cpp">
      <Filter>Source Files</Filter>
    </ClCompile>
    <ClCompile Include="..\WeaponCollection.cpp">
      <Filter>Source Files</Filter>
    </ClCompile>
    <ClCompile Include="..\Zookaba.cpp">
      <Filter>Source Files</Filter>
    </ClCompile>
    <ClCompile Include="..\ZookabaProj.cpp">
      <Filter>Source Files</Filter>
    </ClCompile>
  </ItemGroup>
  <ItemGroup>
    <ClInclude Include="..\Blaster.h">
      <Filter>Source Files</Filter>
    </ClInclude>
    <ClInclude Include="..\Blood.h">
      <Filter>Source Files</Filter>
    </ClInclude>
    <ClInclude Include="..\Bomb.h">
      <Filter>Source Files</Filter>
    </ClInclude>
    <ClInclude Include="..\Box.h">
      <Filter>Source Files</Filter>
    </ClInclude>
    <ClInclude Include="..\Canoner.h">
      <Filter>Source Files</Filter>
    </ClInclude>
    <ClInclude Include="..\CarlGustaf.h">
      <Filter>Source Files</Filter>
    </ClInclude>
    <ClInclude Include="..\CExp.h">
      <Filter>Source Files</Filter>
    </ClInclude>
    <ClInclude Include="..\ChokladZingo.h">
      <Filter>Source Files</Filter>
    </ClInclude>
    <ClInclude Include="..\common.h">
      <Filter>Source Files</Filter>
    </ClInclude>
    <ClInclude Include="..\ControlClass.h">
      <Filter>Source Files</Filter>
    </ClInclude>
    <ClInclude Include="..\Disk.h">
      <Filter>Source Files</Filter>
    </ClInclude>
    <ClInclude Include="..\Eagle.h">
      <Filter>Source Files</Filter>
    </ClInclude>
    <ClInclude Include="..\EldFunkar.h">
      <Filter>Source Files</Filter>
    </ClInclude>
    <ClInclude Include="..\EldFunkarProj.h">
      <Filter>Source Files</Filter>
    </ClInclude>
    <ClInclude Include="..\Exp.h">
      <Filter>Source Files</Filter>
    </ClInclude>
    <ClInclude Include="..\Fire.h">
      <Filter>Source Files</Filter>
    </ClInclude>
    <ClInclude Include="..\FireBomb.h">
      <Filter>Source Files</Filter>
    </ClInclude>
    <ClInclude Include="..\Flashbang.h">
      <Filter>Source Files</Filter>
    </ClInclude>
    <ClInclude Include="..\FloatingText.h">
      <Filter>Source Files</Filter>
    </ClInclude>
    <ClInclude Include="..\FloppyDisk.h">
      <Filter>Source Files</Filter>
    </ClInclude>
    <ClInclude Include="..\GasEel.h">
      <Filter>Source Files</Filter>
    </ClInclude>
    <ClInclude Include="..\GaussGun.h">
      <Filter>Source Files</Filter>
    </ClInclude>
    <ClInclude Include="..\Grenade.h">
      <Filter>Source Files</Filter>
    </ClInclude>
    <ClInclude Include="..\Guy.h">
      <Filter>Source Files</Filter>
    </ClInclude>
    <ClInclude Include="..\Hao.h">
      <Filter>Source Files</Filter>
    </ClInclude>
    <ClInclude Include="..\Haubits.h">
      <Filter>Source Files</Filter>
    </ClInclude>
    <ClInclude Include="..\HExp.h">
      <Filter>Source Files</Filter>
    </ClInclude>
    <ClInclude Include="..\IBomb.h">
      <Filter>Source Files</Filter>
    </ClInclude>
    <ClInclude Include="..\ImageFunctions.h">
      <Filter>Source Files</Filter>
    </ClInclude>
    <ClInclude Include="..\Jolt.h">
      <Filter>Source Files</Filter>
    </ClInclude>
    <ClInclude Include="..\Klachnikow.h">
      <Filter>Source Files</Filter>
    </ClInclude>
    <ClInclude Include="..\M6ton.h">
      <Filter>Source Files</Filter>
    </ClInclude>
    <ClInclude Include="..\M7ton.h">
      <Filter>Source Files</Filter>
    </ClInclude>
    <ClInclude Include="..\Meteor.h">
      <Filter>Source Files</Filter>
    </ClInclude>
    <ClInclude Include="..\Miligun.h">
      <Filter>Source Files</Filter>
    </ClInclude>
    <ClInclude Include="..\MiniShot.h">
      <Filter>Source Files</Filter>
    </ClInclude>
    <ClInclude Include="..\Minuteman.h">
      <Filter>Source Files</Filter>
    </ClInclude>
    <ClInclude Include="..\Missile.h">
      <Filter>Source Files</Filter>
    </ClInclude>
    <ClInclude Include="..\Musquash.h">
      <Filter>Source Files</Filter>
    </ClInclude>
    <ClInclude Include="..\NoMaintenanceRemake.h">
      <Filter>Source Files</Filter>
    </ClInclude>
    <ClInclude Include="..\NukeGrenade.h">
      <Filter>Source Files</Filter>
    </ClInclude>
    <ClInclude Include="..\NukeMissile.h">
      <Filter>Source Files</Filter>
    </ClInclude>
    <ClInclude Include="..\Nurb.h">
      <Filter>Source Files</Filter>
    </ClInclude>
    <ClInclude Include="..\Object.h">
      <Filter>Source Files</Filter>
    </ClInclude>
    <ClInclude Include="..\Phykoser.h">
      <Filter>Source Files</Filter>
    </ClInclude>
    <ClInclude Include="..\Plasma.h">
      <Filter>Source Files</Filter>
    </ClInclude>
    <ClInclude Include="..\Player.h">
      <Filter>Source Files</Filter>
    </ClInclude>
    <ClInclude Include="..\Reference.h">
      <Filter>Source Files</Filter>
    </ClInclude>
    <ClInclude Include="..\Screen.h">
      <Filter>Source Files</Filter>
    </ClInclude>
    <ClInclude Include="..\Smoke.h">
      <Filter>Source Files</Filter>
    </ClInclude>
    <ClInclude Include="..\SmokeSpark.h">
      <Filter>Source Files</Filter>
    </ClInclude>
    <ClInclude Include="..\Solid.h">
      <Filter>Source Files</Filter>
    </ClInclude>
    <ClInclude Include="..\SolidLine.h">
      <Filter>Source Files</Filter>
    </ClInclude>
    <ClInclude Include="..\SoundFunctions.h">
      <Filter>Source Files</Filter>
    </ClInclude>
    <ClInclude Include="..\Spark.h">
      <Filter>Source Files</Filter>
    </ClInclude>
    <ClInclude Include="..\SpastOLW.h">
      <Filter>Source Files</Filter>
    </ClInclude>
    <ClInclude Include="..\Tropelet.h">
      <Filter>Source Files</Filter>
    </ClInclude>
    <ClInclude Include="..\Weapon.h">
      <Filter>Source Files</Filter>
    </ClInclude>
    <ClInclude Include="..\WeaponCollection.h">
      <Filter>Source Files</Filter>
    </ClInclude>
    <ClInclude Include="..\Zookaba.h">
      <Filter>Source Files</Filter>
    </ClInclude>
    <ClInclude Include="..\ZookabaProj.h">
      <Filter>Source Files</Filter>
    </ClInclude>
    <ClInclude Include="..\Airokurtz.h">
      <Filter>Header Files</Filter>
    </ClInclude>
    <ClInclude Include="..\Armageddon.h">
      <Filter>Header Files</Filter>
    </ClInclude>
    <ClInclude Include="..\Blast.h">
      <Filter>Header Files</Filter>
    </ClInclude>
  </ItemGroup>
</Project>